{
  "name": "fs",
  "version": "1.0.0",
  "lockfileVersion": 1,
  "requires": true,
  "dependencies": {
    "@types/csv-parse": {
      "version": "1.1.11",
      "resolved": "https://registry.npmjs.org/@types/csv-parse/-/csv-parse-1.1.11.tgz",
      "integrity": "sha512-c4kjQ7avmOV22T+xH2BAE/n4F52mGm+ELyHOk5PrGc/26Ps6RagP5lVKfDoLx+jmRnFKQlq6XIS33tp9Dco0Ug==",
      "requires": {
        "@types/node": "10.1.1"
      }
    },
    "@types/node": {
      "version": "10.1.1",
      "resolved": "https://registry.npmjs.org/@types/node/-/node-10.1.1.tgz",
      "integrity": "sha512-n7wxy8r2tjVcrzZoKJlyZmi1C1VhXGHAGhDEO1iqp7fbsTSsDF3dVA50KFsPg77EXqzNJqbzcna8Mi4m7a1lyw=="
    },
    "csv-parse": {
      "version": "2.4.0",
      "resolved": "https://registry.npmjs.org/csv-parse/-/csv-parse-2.4.0.tgz",
      "integrity": "sha512-C/Biz45WWkL7yGvzyD4ONDMaQFHC/nIrSCOh9YCEBLsDQ4JOSDsgp7oyTFvOaMwvI/OVfJ7qLIPcx00Dk/7USw=="
    },
    "typescript-tools": {
      "version": "0.3.1",
      "resolved": "https://registry.npmjs.org/typescript-tools/-/typescript-tools-0.3.1.tgz",
      "integrity": "sha1-MlhSu+lFwwIQpjbOdjMHcHpTxEk="
    }
  }
}
